
Microsoft Visual Studio Solution File, Format Version 12.00
# Visual Studio Version 17
VisualStudioVersion = 17.8.34309.116
MinimumVisualStudioVersion = 10.0.40219.1
Project("{FAE04EC0-301F-11D3-BF4B-00C04F79EFBC}") = "BaiTap", "BaiTap\BaiTap.csproj", "{AE49BDF3-B84C-477C-A5D9-8388D6404889}"
EndProject
Global
	GlobalSection(SolutionConfigurationPlatforms) = preSolution
		Debug|Any CPU = Debug|Any CPU
		Release|Any CPU = Release|Any CPU
	EndGlobalSection
	GlobalSection(ProjectConfigurationPlatforms) = postSolution
		{AE49BDF3-B84C-477C-A5D9-8388D6404889}.Debug|Any CPU.ActiveCfg = Debug|Any CPU
		{AE49BDF3-B84C-477C-A5D9-8388D6404889}.Debug|Any CPU.Build.0 = Debug|Any CPU
		{AE49BDF3-B84C-477C-A5D9-8388D6404889}.Release|Any CPU.ActiveCfg = Release|Any CPU
		{AE49BDF3-B84C-477C-A5D9-8388D6404889}.Release|Any CPU.Build.0 = Release|Any CPU
	EndGlobalSection
	GlobalSection(SolutionProperties) = preSolution
		HideSolutionNode = FALSE
	EndGlobalSection
	GlobalSection(ExtensibilityGlobals) = postSolution
		SolutionGuid = {D4EDA12E-F3EB-421C-AD65-6318FDE59AAB}
	EndGlobalSection
EndGlobal
